
Microsoft Visual Studio Solution File, Format Version 12.00
# Visual Studio Version 17
VisualStudioVersion = 17.7.34031.279
MinimumVisualStudioVersion = 10.0.40219.1
Project("{9A19103F-16F7-4668-BE54-9A1E7A4F7556}") = "StrategyPattern", "StrategyPattern\StrategyPattern.csproj", "{5EC1E5F3-B339-4700-A309-4888A9DDA07C}"
EndProject
Global
	GlobalSection(SolutionConfigurationPlatforms) = preSolution
		Debug|Any CPU = Debug|Any CPU
		Release|Any CPU = Release|Any CPU
	EndGlobalSection
	GlobalSection(ProjectConfigurationPlatforms) = postSolution
		{5EC1E5F3-B339-4700-A309-4888A9DDA07C}.Debug|Any CPU.ActiveCfg = Debug|Any CPU
		{5EC1E5F3-B339-4700-A309-4888A9DDA07C}.Debug|Any CPU.Build.0 = Debug|Any CPU
		{5EC1E5F3-B339-4700-A309-4888A9DDA07C}.Release|Any CPU.ActiveCfg = Release|Any CPU
		{5EC1E5F3-B339-4700-A309-4888A9DDA07C}.Release|Any CPU.Build.0 = Release|Any CPU
	EndGlobalSection
	GlobalSection(SolutionProperties) = preSolution
		HideSolutionNode = FALSE
	EndGlobalSection
	GlobalSection(ExtensibilityGlobals) = postSolution
		SolutionGuid = {697FB392-27CD-4555-9BB0-FDC8CBD75100}
	EndGlobalSection
EndGlobal
